
Microsoft Visual Studio Solution File, Format Version 12.00
# Visual Studio Version 17
VisualStudioVersion = 17.3.32929.385
MinimumVisualStudioVersion = 10.0.40219.1
Project("{FAE04EC0-301F-11D3-BF4B-00C04F79EFBC}") = "EDUJ", "EDUJ.csproj", "{7E2FA485-328E-40C9-9EA5-27B2E848CB12}"
EndProject
Global
	GlobalSection(SolutionConfigurationPlatforms) = preSolution
		Debug|Any CPU = Debug|Any CPU
		Release|Any CPU = Release|Any CPU
	EndGlobalSection
	GlobalSection(ProjectConfigurationPlatforms) = postSolution
		{7E2FA485-328E-40C9-9EA5-27B2E848CB12}.Debug|Any CPU.ActiveCfg = Debug|Any CPU
		{7E2FA485-328E-40C9-9EA5-27B2E848CB12}.Debug|Any CPU.Build.0 = Debug|Any CPU
		{7E2FA485-328E-40C9-9EA5-27B2E848CB12}.Release|Any CPU.ActiveCfg = Release|Any CPU
		{7E2FA485-328E-40C9-9EA5-27B2E848CB12}.Release|Any CPU.Build.0 = Release|Any CPU
	EndGlobalSection
	GlobalSection(SolutionProperties) = preSolution
		HideSolutionNode = FALSE
	EndGlobalSection
	GlobalSection(ExtensibilityGlobals) = postSolution
		SolutionGuid = {C4CF4D8E-46A4-4346-B105-39EEB0DA632C}
	EndGlobalSection
EndGlobal
